
Microsoft Visual Studio Solution File, Format Version 12.00
# Visual Studio Version 17
VisualStudioVersion = 17.14.36518.9
MinimumVisualStudioVersion = 10.0.40219.1
Project("{8BC9CEB8-8B4A-11D0-8D11-00A0C91BC942}") = "program", "program.vcxproj", "{2D12A45E-026E-4499-8213-F333D7A77210}"
EndProject
Project("{8BC9CEB8-8B4A-11D0-8D11-00A0C91BC942}") = "Class3th (Bit)", "..\Class3th (Bit)\Class3th (Bit).vcxproj", "{02A3C223-0049-4C37-A7DC-98AABE4F76EF}"
EndProject
Project("{8BC9CEB8-8B4A-11D0-8D11-00A0C91BC942}") = "Class4th (Overflow&Underflow)", "..\Class4th (Overflow&Underflow)\Class4th (Overflow&Underflow).vcxproj", "{27CD9483-A2BF-4F1C-B35A-23BFAC721F8F}"
EndProject
Project("{8BC9CEB8-8B4A-11D0-8D11-00A0C91BC942}") = "Class5th", "..\Class 4th\Class 4th.vcxproj", "{343FA9B8-4B07-48D6-86FB-2498917809B5}"
EndProject
Project("{8BC9CEB8-8B4A-11D0-8D11-00A0C91BC942}") = "Class6th (Iteration Statement)", "..\Class6th (Iteration Statement)\Class6th (Iteration Statement).vcxproj", "{AE301E4F-2489-4030-A3CC-C9ABA4E50417}"
EndProject
Project("{8BC9CEB8-8B4A-11D0-8D11-00A0C91BC942}") = "Class7th (type Conversion)", "..\Class7th (type Conversion)\Class7th (type Conversion).vcxproj", "{E3475D35-3B50-4671-8A40-B9AE0C3C5F52}"
EndProject
Project("{8BC9CEB8-8B4A-11D0-8D11-00A0C91BC942}") = "Class8th (pointer)", "..\Class8th (pointer)\Class8th (pointer).vcxproj", "{85D17CD1-4BB0-4458-B2AB-672D9832B87C}"
EndProject
Project("{8BC9CEB8-8B4A-11D0-8D11-00A0C91BC942}") = "Class9th (Array)", "..\Class9th (Array)\Class9th (Array).vcxproj", "{B05BD085-F5B8-4B51-AC1D-6027F8453A93}"
EndProject
Project("{8BC9CEB8-8B4A-11D0-8D11-00A0C91BC942}") = "Class10th (function)", "..\Class10th (function)\Class10th (function).vcxproj", "{7C735F69-8E17-40EF-82E4-76D7A2570FF0}"
EndProject
Project("{8BC9CEB8-8B4A-11D0-8D11-00A0C91BC942}") = "Class11th (storage)", "..\Class11th (storage)\Class11th (storage).vcxproj", "{39E0A7B9-99C3-47A3-A28C-FEF7075C0ECA}"
EndProject
Project("{8BC9CEB8-8B4A-11D0-8D11-00A0C91BC942}") = "Class12th (Dynamic Allocation)", "..\Class12th (Dynamic Allocation)\Class12th (Dynamic Allocation).vcxproj", "{BC7AE1B5-8C30-4C99-9164-69CEC2ACAC42}"
EndProject
Global
	GlobalSection(SolutionConfigurationPlatforms) = preSolution
		Debug|x64 = Debug|x64
		Debug|x86 = Debug|x86
		Release|x64 = Release|x64
		Release|x86 = Release|x86
	EndGlobalSection
	GlobalSection(ProjectConfigurationPlatforms) = postSolution
		{2D12A45E-026E-4499-8213-F333D7A77210}.Debug|x64.ActiveCfg = Debug|x64
		{2D12A45E-026E-4499-8213-F333D7A77210}.Debug|x64.Build.0 = Debug|x64
		{2D12A45E-026E-4499-8213-F333D7A77210}.Debug|x86.ActiveCfg = Debug|Win32
		{2D12A45E-026E-4499-8213-F333D7A77210}.Debug|x86.Build.0 = Debug|Win32
		{2D12A45E-026E-4499-8213-F333D7A77210}.Release|x64.ActiveCfg = Release|x64
		{2D12A45E-026E-4499-8213-F333D7A77210}.Release|x64.Build.0 = Release|x64
		{2D12A45E-026E-4499-8213-F333D7A77210}.Release|x86.ActiveCfg = Release|Win32
		{2D12A45E-026E-4499-8213-F333D7A77210}.Release|x86.Build.0 = Release|Win32
		{02A3C223-0049-4C37-A7DC-98AABE4F76EF}.Debug|x64.ActiveCfg = Debug|x64
		{02A3C223-0049-4C37-A7DC-98AABE4F76EF}.Debug|x64.Build.0 = Debug|x64
		{02A3C223-0049-4C37-A7DC-98AABE4F76EF}.Debug|x86.ActiveCfg = Debug|Win32
		{02A3C223-0049-4C37-A7DC-98AABE4F76EF}.Debug|x86.Build.0 = Debug|Win32
		{02A3C223-0049-4C37-A7DC-98AABE4F76EF}.Release|x64.ActiveCfg = Release|x64
		{02A3C223-0049-4C37-A7DC-98AABE4F76EF}.Release|x64.Build.0 = Release|x64
		{02A3C223-0049-4C37-A7DC-98AABE4F76EF}.Release|x86.ActiveCfg = Release|Win32
		{02A3C223-0049-4C37-A7DC-98AABE4F76EF}.Release|x86.Build.0 = Release|Win32
		{27CD9483-A2BF-4F1C-B35A-23BFAC721F8F}.Debug|x64.ActiveCfg = Debug|x64
		{27CD9483-A2BF-4F1C-B35A-23BFAC721F8F}.Debug|x64.Build.0 = Debug|x64
		{27CD9483-A2BF-4F1C-B35A-23BFAC721F8F}.Debug|x86.ActiveCfg = Debug|Win32
		{27CD9483-A2BF-4F1C-B35A-23BFAC721F8F}.Debug|x86.Build.0 = Debug|Win32
		{27CD9483-A2BF-4F1C-B35A-23BFAC721F8F}.Release|x64.ActiveCfg = Release|x64
		{27CD9483-A2BF-4F1C-B35A-23BFAC721F8F}.Release|x64.Build.0 = Release|x64
		{27CD9483-A2BF-4F1C-B35A-23BFAC721F8F}.Release|x86.ActiveCfg = Release|Win32
		{27CD9483-A2BF-4F1C-B35A-23BFAC721F8F}.Release|x86.Build.0 = Release|Win32
		{343FA9B8-4B07-48D6-86FB-2498917809B5}.Debug|x64.ActiveCfg = Debug|x64
		{343FA9B8-4B07-48D6-86FB-2498917809B5}.Debug|x64.Build.0 = Debug|x64
		{343FA9B8-4B07-48D6-86FB-2498917809B5}.Debug|x86.ActiveCfg = Debug|Win32
		{343FA9B8-4B07-48D6-86FB-2498917809B5}.Debug|x86.Build.0 = Debug|Win32
		{343FA9B8-4B07-48D6-86FB-2498917809B5}.Release|x64.ActiveCfg = Release|x64
		{343FA9B8-4B07-48D6-86FB-2498917809B5}.Release|x64.Build.0 = Release|x64
		{343FA9B8-4B07-48D6-86FB-2498917809B5}.Release|x86.ActiveCfg = Release|Win32
		{343FA9B8-4B07-48D6-86FB-2498917809B5}.Release|x86.Build.0 = Release|Win32
		{AE301E4F-2489-4030-A3CC-C9ABA4E50417}.Debug|x64.ActiveCfg = Debug|x64
		{AE301E4F-2489-4030-A3CC-C9ABA4E50417}.Debug|x64.Build.0 = Debug|x64
		{AE301E4F-2489-4030-A3CC-C9ABA4E50417}.Debug|x86.ActiveCfg = Debug|Win32
		{AE301E4F-2489-4030-A3CC-C9ABA4E50417}.Debug|x86.Build.0 = Debug|Win32
		{AE301E4F-2489-4030-A3CC-C9ABA4E50417}.Release|x64.ActiveCfg = Release|x64
		{AE301E4F-2489-4030-A3CC-C9ABA4E50417}.Release|x64.Build.0 = Release|x64
		{AE301E4F-2489-4030-A3CC-C9ABA4E50417}.Release|x86.ActiveCfg = Release|Win32
		{AE301E4F-2489-4030-A3CC-C9ABA4E50417}.Release|x86.Build.0 = Release|Win32
		{E3475D35-3B50-4671-8A40-B9AE0C3C5F52}.Debug|x64.ActiveCfg = Debug|x64
		{E3475D35-3B50-4671-8A40-B9AE0C3C5F52}.Debug|x64.Build.0 = Debug|x64
		{E3475D35-3B50-4671-8A40-B9AE0C3C5F52}.Debug|x86.ActiveCfg = Debug|Win32
		{E3475D35-3B50-4671-8A40-B9AE0C3C5F52}.Debug|x86.Build.0 = Debug|Win32
		{E3475D35-3B50-4671-8A40-B9AE0C3C5F52}.Release|x64.ActiveCfg = Release|x64
		{E3475D35-3B50-4671-8A40-B9AE0C3C5F52}.Release|x64.Build.0 = Release|x64
		{E3475D35-3B50-4671-8A40-B9AE0C3C5F52}.Release|x86.ActiveCfg = Release|Win32
		{E3475D35-3B50-4671-8A40-B9AE0C3C5F52}.Release|x86.Build.0 = Release|Win32
		{85D17CD1-4BB0-4458-B2AB-672D9832B87C}.Debug|x64.ActiveCfg = Debug|x64
		{85D17CD1-4BB0-4458-B2AB-672D9832B87C}.Debug|x64.Build.0 = Debug|x64
		{85D17CD1-4BB0-4458-B2AB-672D9832B87C}.Debug|x86.ActiveCfg = Debug|Win32
		{85D17CD1-4BB0-4458-B2AB-672D9832B87C}.Debug|x86.Build.0 = Debug|Win32
		{85D17CD1-4BB0-4458-B2AB-672D9832B87C}.Release|x64.ActiveCfg = Release|x64
		{85D17CD1-4BB0-4458-B2AB-672D9832B87C}.Release|x64.Build.0 = Release|x64
		{85D17CD1-4BB0-4458-B2AB-672D9832B87C}.Release|x86.ActiveCfg = Release|Win32
		{85D17CD1-4BB0-4458-B2AB-672D9832B87C}.Release|x86.Build.0 = Release|Win32
		{B05BD085-F5B8-4B51-AC1D-6027F8453A93}.Debug|x64.ActiveCfg = Debug|x64
		{B05BD085-F5B8-4B51-AC1D-6027F8453A93}.Debug|x64.Build.0 = Debug|x64
		{B05BD085-F5B8-4B51-AC1D-6027F8453A93}.Debug|x86.ActiveCfg = Debug|Win32
		{B05BD085-F5B8-4B51-AC1D-6027F8453A93}.Debug|x86.Build.0 = Debug|Win32
		{B05BD085-F5B8-4B51-AC1D-6027F8453A93}.Release|x64.ActiveCfg = Release|x64
		{B05BD085-F5B8-4B51-AC1D-6027F8453A93}.Release|x64.Build.0 = Release|x64
		{B05BD085-F5B8-4B51-AC1D-6027F8453A93}.Release|x86.ActiveCfg = Release|Win32
		{B05BD085-F5B8-4B51-AC1D-6027F8453A93}.Release|x86.Build.0 = Release|Win32
		{7C735F69-8E17-40EF-82E4-76D7A2570FF0}.Debug|x64.ActiveCfg = Debug|x64
		{7C735F69-8E17-40EF-82E4-76D7A2570FF0}.Debug|x64.Build.0 = Debug|x64
		{7C735F69-8E17-40EF-82E4-76D7A2570FF0}.Debug|x86.ActiveCfg = Debug|Win32
		{7C735F69-8E17-40EF-82E4-76D7A2570FF0}.Debug|x86.Build.0 = Debug|Win32
		{7C735F69-8E17-40EF-82E4-76D7A2570FF0}.Release|x64.ActiveCfg = Release|x64
		{7C735F69-8E17-40EF-82E4-76D7A2570FF0}.Release|x64.Build.0 = Release|x64
		{7C735F69-8E17-40EF-82E4-76D7A2570FF0}.Release|x86.ActiveCfg = Release|Win32
		{7C735F69-8E17-40EF-82E4-76D7A2570FF0}.Release|x86.Build.0 = Release|Win32
		{39E0A7B9-99C3-47A3-A28C-FEF7075C0ECA}.Debug|x64.ActiveCfg = Debug|x64
		{39E0A7B9-99C3-47A3-A28C-FEF7075C0ECA}.Debug|x64.Build.0 = Debug|x64
		{39E0A7B9-99C3-47A3-A28C-FEF7075C0ECA}.Debug|x86.ActiveCfg = Debug|Win32
		{39E0A7B9-99C3-47A3-A28C-FEF7075C0ECA}.Debug|x86.Build.0 = Debug|Win32
		{39E0A7B9-99C3-47A3-A28C-FEF7075C0ECA}.Release|x64.ActiveCfg = Release|x64
		{39E0A7B9-99C3-47A3-A28C-FEF7075C0ECA}.Release|x64.Build.0 = Release|x64
		{39E0A7B9-99C3-47A3-A28C-FEF7075C0ECA}.Release|x86.ActiveCfg = Release|Win32
		{39E0A7B9-99C3-47A3-A28C-FEF7075C0ECA}.Release|x86.Build.0 = Release|Win32
		{BC7AE1B5-8C30-4C99-9164-69CEC2ACAC42}.Debug|x64.ActiveCfg = Debug|x64
		{BC7AE1B5-8C30-4C99-9164-69CEC2ACAC42}.Debug|x64.Build.0 = Debug|x64
		{BC7AE1B5-8C30-4C99-9164-69CEC2ACAC42}.Debug|x86.ActiveCfg = Debug|Win32
		{BC7AE1B5-8C30-4C99-9164-69CEC2ACAC42}.Debug|x86.Build.0 = Debug|Win32
		{BC7AE1B5-8C30-4C99-9164-69CEC2ACAC42}.Release|x64.ActiveCfg = Release|x64
		{BC7AE1B5-8C30-4C99-9164-69CEC2ACAC42}.Release|x64.Build.0 = Release|x64
		{BC7AE1B5-8C30-4C99-9164-69CEC2ACAC42}.Release|x86.ActiveCfg = Release|Win32
		{BC7AE1B5-8C30-4C99-9164-69CEC2ACAC42}.Release|x86.Build.0 = Release|Win32
	EndGlobalSection
	GlobalSection(SolutionProperties) = preSolution
		HideSolutionNode = FALSE
	EndGlobalSection
	GlobalSection(ExtensibilityGlobals) = postSolution
		SolutionGuid = {2B1067D9-2841-421D-B903-BF340AE99C16}
	EndGlobalSection
EndGlobal
